// !$*UTF8*$!
{
	archiveVersion = 1;
	classes = {
	};
	objectVersion = 48;
	objects = {

/* Begin PBXBuildFile section */
		343D6AF51FE2C5190028F079 /* AppDelegateTests.swift in Sources */ = {isa = PBXBuildFile; fileRef = 343D6AF41FE2C5190028F079 /* AppDelegateTests.swift */; };
		344C3F9A1FE0E94F0069EB60 /* ModelCoable.swift in Sources */ = {isa = PBXBuildFile; fileRef = 344C3F991FE0E94F0069EB60 /* ModelCoable.swift */; };
		344C3FA01FE0F4280069EB60 /* GroupsViewControllerTests.swift in Sources */ = {isa = PBXBuildFile; fileRef = 344C3F9F1FE0F4280069EB60 /* GroupsViewControllerTests.swift */; };
		344C3FA31FE0F5A60069EB60 /* GroupsDataService.swift in Sources */ = {isa = PBXBuildFile; fileRef = 344C3FA21FE0F5A60069EB60 /* GroupsDataService.swift */; };
		344C3FAB1FE104FC0069EB60 /* GroupsDataServiceTests.swift in Sources */ = {isa = PBXBuildFile; fileRef = 344C3FAA1FE104FC0069EB60 /* GroupsDataServiceTests.swift */; };
		344C3FAE1FE10A500069EB60 /* GroupCell.swift in Sources */ = {isa = PBXBuildFile; fileRef = 344C3FAC1FE10A500069EB60 /* GroupCell.swift */; };
		344C3FAF1FE10A500069EB60 /* GroupCell.xib in Resources */ = {isa = PBXBuildFile; fileRef = 344C3FAD1FE10A500069EB60 /* GroupCell.xib */; };
		344C3FB21FE10AA60069EB60 /* NSObject+StockFeed.swift in Sources */ = {isa = PBXBuildFile; fileRef = 344C3FB11FE10AA60069EB60 /* NSObject+StockFeed.swift */; };
		344C3FB51FE10D460069EB60 /* MockExtensions.swift in Sources */ = {isa = PBXBuildFile; fileRef = 344C3FB41FE10D460069EB60 /* MockExtensions.swift */; };
		34EE46871FE0B04000561F8E /* AppDelegate.swift in Sources */ = {isa = PBXBuildFile; fileRef = 34EE46861FE0B04000561F8E /* AppDelegate.swift */; };
		34EE468E1FE0B04000561F8E /* Assets.xcassets in Resources */ = {isa = PBXBuildFile; fileRef = 34EE468D1FE0B04000561F8E /* Assets.xcassets */; };
		34EE46911FE0B04000561F8E /* LaunchScreen.storyboard in Resources */ = {isa = PBXBuildFile; fileRef = 34EE468F1FE0B04000561F8E /* LaunchScreen.storyboard */; };
		34EE46AE1FE0B0D000561F8E /* GroupsViewController.swift in Sources */ = {isa = PBXBuildFile; fileRef = 34EE46AC1FE0B0D000561F8E /* GroupsViewController.swift */; };
		34EE46AF1FE0B0D000561F8E /* GroupsViewController.xib in Resources */ = {isa = PBXBuildFile; fileRef = 34EE46AD1FE0B0D000561F8E /* GroupsViewController.xib */; };
		34EE46B61FE0B12D00561F8E /* Group.swift in Sources */ = {isa = PBXBuildFile; fileRef = 34EE46B51FE0B12D00561F8E /* Group.swift */; };
		34EE46B91FE0B1E900561F8E /* GroupStructTests.swift in Sources */ = {isa = PBXBuildFile; fileRef = 34EE46B81FE0B1E900561F8E /* GroupStructTests.swift */; };
		34EE46BC1FE0B85500561F8E /* GroupsManager.swift in Sources */ = {isa = PBXBuildFile; fileRef = 34EE46BB1FE0B85500561F8E /* GroupsManager.swift */; };
		34EE46C01FE0B89700561F8E /* GroupsManagerTests.swift in Sources */ = {isa = PBXBuildFile; fileRef = 34EE46BF1FE0B89700561F8E /* GroupsManagerTests.swift */; };
		34EE46C31FE0C62400561F8E /* README.md in Resources */ = {isa = PBXBuildFile; fileRef = 34EE46C21FE0C62400561F8E /* README.md */; };
/* End PBXBuildFile section */

/* Begin PBXContainerItemProxy section */
		34EE46981FE0B04100561F8E /* PBXContainerItemProxy */ = {
			isa = PBXContainerItemProxy;
			containerPortal = 34EE467B1FE0B04000561F8E /* Project object */;
			proxyType = 1;
			remoteGlobalIDString = 34EE46821FE0B04000561F8E;
			remoteInfo = StockFeed;
		};
/* End PBXContainerItemProxy section */

/* Begin PBXFileReference section */
		343D6AF41FE2C5190028F079 /* AppDelegateTests.swift */ = {isa = PBXFileReference; lastKnownFileType = sourcecode.swift; path = AppDelegateTests.swift; sourceTree = "<group>"; };
		344C3F991FE0E94F0069EB60 /* ModelCoable.swift */ = {isa = PBXFileReference; lastKnownFileType = sourcecode.swift; path = ModelCoable.swift; sourceTree = "<group>"; };
		344C3F9F1FE0F4280069EB60 /* GroupsViewControllerTests.swift */ = {isa = PBXFileReference; lastKnownFileType = sourcecode.swift; path = GroupsViewControllerTests.swift; sourceTree = "<group>"; };
		344C3FA21FE0F5A60069EB60 /* GroupsDataService.swift */ = {isa = PBXFileReference; lastKnownFileType = sourcecode.swift; path = GroupsDataService.swift; sourceTree = "<group>"; };
		344C3FAA1FE104FC0069EB60 /* GroupsDataServiceTests.swift */ = {isa = PBXFileReference; lastKnownFileType = sourcecode.swift; path = GroupsDataServiceTests.swift; sourceTree = "<group>"; };
		344C3FAC1FE10A500069EB60 /* GroupCell.swift */ = {isa = PBXFileReference; lastKnownFileType = sourcecode.swift; path = GroupCell.swift; sourceTree = "<group>"; };
		344C3FAD1FE10A500069EB60 /* GroupCell.xib */ = {isa = PBXFileReference; lastKnownFileType = file.xib; path = GroupCell.xib; sourceTree = "<group>"; };
		344C3FB11FE10AA60069EB60 /* NSObject+StockFeed.swift */ = {isa = PBXFileReference; lastKnownFileType = sourcecode.swift; path = "NSObject+StockFeed.swift"; sourceTree = "<group>"; };
		344C3FB41FE10D460069EB60 /* MockExtensions.swift */ = {isa = PBXFileReference; lastKnownFileType = sourcecode.swift; path = MockExtensions.swift; sourceTree = "<group>"; };
		34EE46831FE0B04000561F8E /* StockFeed.app */ = {isa = PBXFileReference; explicitFileType = wrapper.application; includeInIndex = 0; path = StockFeed.app; sourceTree = BUILT_PRODUCTS_DIR; };
		34EE46861FE0B04000561F8E /* AppDelegate.swift */ = {isa = PBXFileReference; lastKnownFileType = sourcecode.swift; path = AppDelegate.swift; sourceTree = "<group>"; };
		34EE468D1FE0B04000561F8E /* Assets.xcassets */ = {isa = PBXFileReference; lastKnownFileType = folder.assetcatalog; path = Assets.xcassets; sourceTree = "<group>"; };
		34EE46901FE0B04000561F8E /* Base */ = {isa = PBXFileReference; lastKnownFileType = file.storyboard; name = Base; path = Base.lproj/LaunchScreen.storyboard; sourceTree = "<group>"; };
		34EE46921FE0B04000561F8E /* Info.plist */ = {isa = PBXFileReference; lastKnownFileType = text.plist.xml; path = Info.plist; sourceTree = "<group>"; };
		34EE46971FE0B04100561F8E /* StockFeedTests.xctest */ = {isa = PBXFileReference; explicitFileType = wrapper.cfbundle; includeInIndex = 0; path = StockFeedTests.xctest; sourceTree = BUILT_PRODUCTS_DIR; };
		34EE469D1FE0B04100561F8E /* Info.plist */ = {isa = PBXFileReference; lastKnownFileType = text.plist.xml; path = Info.plist; sourceTree = "<group>"; };
		34EE46AC1FE0B0D000561F8E /* GroupsViewController.swift */ = {isa = PBXFileReference; lastKnownFileType = sourcecode.swift; path = GroupsViewController.swift; sourceTree = "<group>"; };
		34EE46AD1FE0B0D000561F8E /* GroupsViewController.xib */ = {isa = PBXFileReference; lastKnownFileType = file.xib; path = GroupsViewController.xib; sourceTree = "<group>"; };
		34EE46B51FE0B12D00561F8E /* Group.swift */ = {isa = PBXFileReference; lastKnownFileType = sourcecode.swift; path = Group.swift; sourceTree = "<group>"; };
		34EE46B81FE0B1E900561F8E /* GroupStructTests.swift */ = {isa = PBXFileReference; lastKnownFileType = sourcecode.swift; path = GroupStructTests.swift; sourceTree = "<group>"; };
		34EE46BB1FE0B85500561F8E /* GroupsManager.swift */ = {isa = PBXFileReference; lastKnownFileType = sourcecode.swift; path = GroupsManager.swift; sourceTree = "<group>"; };
		34EE46BF1FE0B89700561F8E /* GroupsManagerTests.swift */ = {isa = PBXFileReference; lastKnownFileType = sourcecode.swift; path = GroupsManagerTests.swift; sourceTree = "<group>"; };
		34EE46C21FE0C62400561F8E /* README.md */ = {isa = PBXFileReference; lastKnownFileType = net.daringfireball.markdown; path = README.md; sourceTree = "<group>"; };
/* End PBXFileReference section */

/* Begin PBXFrameworksBuildPhase section */
		34EE46801FE0B04000561F8E /* Frameworks */ = {
			isa = PBXFrameworksBuildPhase;
			buildActionMask = 2147483647;
			files = (
			);
			runOnlyForDeploymentPostprocessing = 0;
		};
		34EE46941FE0B04100561F8E /* Frameworks */ = {
			isa = PBXFrameworksBuildPhase;
			buildActionMask = 2147483647;
			files = (
			);
			runOnlyForDeploymentPostprocessing = 0;
		};
/* End PBXFrameworksBuildPhase section */

/* Begin PBXGroup section */
		344C3F981FE0E8450069EB60 /* Strategies */ = {
			isa = PBXGroup;
			children = (
				344C3F991FE0E94F0069EB60 /* ModelCoable.swift */,
			);
			path = Strategies;
			sourceTree = "<group>";
		};
		344C3F9E1FE0F4160069EB60 /* Views */ = {
			isa = PBXGroup;
			children = (
				344C3F9F1FE0F4280069EB60 /* GroupsViewControllerTests.swift */,
			);
			path = Views;
			sourceTree = "<group>";
		};
		344C3FA91FE104E00069EB60 /* Services */ = {
			isa = PBXGroup;
			children = (
				344C3FAA1FE104FC0069EB60 /* GroupsDataServiceTests.swift */,
			);
			path = Services;
			sourceTree = "<group>";
		};
		344C3FB01FE10A910069EB60 /* Extensions */ = {
			isa = PBXGroup;
			children = (
				344C3FB11FE10AA60069EB60 /* NSObject+StockFeed.swift */,
			);
			path = Extensions;
			sourceTree = "<group>";
		};
		344C3FB31FE10D240069EB60 /* Mocks */ = {
			isa = PBXGroup;
			children = (
				344C3FB41FE10D460069EB60 /* MockExtensions.swift */,
			);
			path = Mocks;
			sourceTree = "<group>";
		};
		34EE467A1FE0B04000561F8E = {
			isa = PBXGroup;
			children = (
				34EE46C21FE0C62400561F8E /* README.md */,
				34EE46851FE0B04000561F8E /* StockFeed */,
				34EE469A1FE0B04100561F8E /* StockFeedTests */,
				34EE46841FE0B04000561F8E /* Products */,
			);
			sourceTree = "<group>";
		};
		34EE46841FE0B04000561F8E /* Products */ = {
			isa = PBXGroup;
			children = (
				34EE46831FE0B04000561F8E /* StockFeed.app */,
				34EE46971FE0B04100561F8E /* StockFeedTests.xctest */,
			);
			name = Products;
			sourceTree = "<group>";
		};
		34EE46851FE0B04000561F8E /* StockFeed */ = {
			isa = PBXGroup;
			children = (
				344C3FB01FE10A910069EB60 /* Extensions */,
				344C3F981FE0E8450069EB60 /* Strategies */,
				34EE46B31FE0B11C00561F8E /* Group */,
				34EE46AB1FE0B0C000561F8E /* Groups */,
				34EE46861FE0B04000561F8E /* AppDelegate.swift */,
				34EE468D1FE0B04000561F8E /* Assets.xcassets */,
				34EE468F1FE0B04000561F8E /* LaunchScreen.storyboard */,
				34EE46921FE0B04000561F8E /* Info.plist */,
			);
			path = StockFeed;
			sourceTree = "<group>";
		};
		34EE469A1FE0B04100561F8E /* StockFeedTests */ = {
			isa = PBXGroup;
			children = (
				34EE46B71FE0B1BB00561F8E /* Group */,
				34EE46B01FE0B0E100561F8E /* Groups */,
				34EE469D1FE0B04100561F8E /* Info.plist */,
				343D6AF41FE2C5190028F079 /* AppDelegateTests.swift */,
			);
			path = StockFeedTests;
			sourceTree = "<group>";
		};
		34EE46AB1FE0B0C000561F8E /* Groups */ = {
			isa = PBXGroup;
			children = (
				34EE46C11FE0BC5900561F8E /* Manager */,
				34EE46BA1FE0B83000561F8E /* Services */,
				34EE46B11FE0B0E900561F8E /* Views */,
			);
			path = Groups;
			sourceTree = "<group>";
		};
		34EE46B01FE0B0E100561F8E /* Groups */ = {
			isa = PBXGroup;
			children = (
				344C3FB31FE10D240069EB60 /* Mocks */,
				344C3FA91FE104E00069EB60 /* Services */,
				344C3F9E1FE0F4160069EB60 /* Views */,
			);
			path = Groups;
			sourceTree = "<group>";
		};
		34EE46B11FE0B0E900561F8E /* Views */ = {
			isa = PBXGroup;
			children = (
				34EE46AD1FE0B0D000561F8E /* GroupsViewController.xib */,
				34EE46AC1FE0B0D000561F8E /* GroupsViewController.swift */,
				344C3FAC1FE10A500069EB60 /* GroupCell.swift */,
				344C3FAD1FE10A500069EB60 /* GroupCell.xib */,
			);
			path = Views;
			sourceTree = "<group>";
		};
		34EE46B31FE0B11C00561F8E /* Group */ = {
			isa = PBXGroup;
			children = (
				34EE46B41FE0B12200561F8E /* Model */,
			);
			path = Group;
			sourceTree = "<group>";
		};
		34EE46B41FE0B12200561F8E /* Model */ = {
			isa = PBXGroup;
			children = (
				34EE46B51FE0B12D00561F8E /* Group.swift */,
			);
			path = Model;
			sourceTree = "<group>";
		};
		34EE46B71FE0B1BB00561F8E /* Group */ = {
			isa = PBXGroup;
			children = (
				34EE46BE1FE0B88A00561F8E /* Managers */,
				34EE46BD1FE0B88300561F8E /* Model */,
			);
			path = Group;
			sourceTree = "<group>";
		};
		34EE46BA1FE0B83000561F8E /* Services */ = {
			isa = PBXGroup;
			children = (
				344C3FA21FE0F5A60069EB60 /* GroupsDataService.swift */,
			);
			path = Services;
			sourceTree = "<group>";
		};
		34EE46BD1FE0B88300561F8E /* Model */ = {
			isa = PBXGroup;
			children = (
				34EE46B81FE0B1E900561F8E /* GroupStructTests.swift */,
			);
			path = Model;
			sourceTree = "<group>";
		};
		34EE46BE1FE0B88A00561F8E /* Managers */ = {
			isa = PBXGroup;
			children = (
				34EE46BF1FE0B89700561F8E /* GroupsManagerTests.swift */,
			);
			path = Managers;
			sourceTree = "<group>";
		};
		34EE46C11FE0BC5900561F8E /* Manager */ = {
			isa = PBXGroup;
			children = (
				34EE46BB1FE0B85500561F8E /* GroupsManager.swift */,
			);
			path = Manager;
			sourceTree = "<group>";
		};
/* End PBXGroup section */

/* Begin PBXNativeTarget section */
		34EE46821FE0B04000561F8E /* StockFeed */ = {
			isa = PBXNativeTarget;
			buildConfigurationList = 34EE46A01FE0B04100561F8E /* Build configuration list for PBXNativeTarget "StockFeed" */;
			buildPhases = (
				34EE467F1FE0B04000561F8E /* Sources */,
				34EE46801FE0B04000561F8E /* Frameworks */,
				34EE46811FE0B04000561F8E /* Resources */,
			);
			buildRules = (
			);
			dependencies = (
			);
			name = StockFeed;
			productName = StockFeed;
			productReference = 34EE46831FE0B04000561F8E /* StockFeed.app */;
			productType = "com.apple.product-type.application";
		};
		34EE46961FE0B04100561F8E /* StockFeedTests */ = {
			isa = PBXNativeTarget;
			buildConfigurationList = 34EE46A31FE0B04100561F8E /* Build configuration list for PBXNativeTarget "StockFeedTests" */;
			buildPhases = (
				34EE46931FE0B04100561F8E /* Sources */,
				34EE46941FE0B04100561F8E /* Frameworks */,
				34EE46951FE0B04100561F8E /* Resources */,
			);
			buildRules = (
			);
			dependencies = (
				34EE46991FE0B04100561F8E /* PBXTargetDependency */,
			);
			name = StockFeedTests;
			productName = StockFeedTests;
			productReference = 34EE46971FE0B04100561F8E /* StockFeedTests.xctest */;
			productType = "com.apple.product-type.bundle.unit-test";
		};
/* End PBXNativeTarget section */

/* Begin PBXProject section */
		34EE467B1FE0B04000561F8E /* Project object */ = {
			isa = PBXProject;
			attributes = {
				LastSwiftUpdateCheck = 0920;
				LastUpgradeCheck = 0920;
				ORGANIZATIONNAME = "Scott moon";
				TargetAttributes = {
					34EE46821FE0B04000561F8E = {
						CreatedOnToolsVersion = 9.2;
						ProvisioningStyle = Automatic;
					};
					34EE46961FE0B04100561F8E = {
						CreatedOnToolsVersion = 9.2;
						LastSwiftMigration = 0920;
						ProvisioningStyle = Automatic;
						TestTargetID = 34EE46821FE0B04000561F8E;
					};
				};
			};
			buildConfigurationList = 34EE467E1FE0B04000561F8E /* Build configuration list for PBXProject "StockFeed" */;
			compatibilityVersion = "Xcode 8.0";
			developmentRegion = en;
			hasScannedForEncodings = 0;
			knownRegions = (
				en,
				Base,
			);
			mainGroup = 34EE467A1FE0B04000561F8E;
			productRefGroup = 34EE46841FE0B04000561F8E /* Products */;
			projectDirPath = "";
			projectRoot = "";
			targets = (
				34EE46821FE0B04000561F8E /* StockFeed */,
				34EE46961FE0B04100561F8E /* StockFeedTests */,
			);
		};
/* End PBXProject section */

/* Begin PBXResourcesBuildPhase section */
		34EE46811FE0B04000561F8E /* Resources */ = {
			isa = PBXResourcesBuildPhase;
			buildActionMask = 2147483647;
			files = (
				34EE46911FE0B04000561F8E /* LaunchScreen.storyboard in Resources */,
				34EE46AF1FE0B0D000561F8E /* GroupsViewController.xib in Resources */,
				34EE46C31FE0C62400561F8E /* README.md in Resources */,
				344C3FAF1FE10A500069EB60 /* GroupCell.xib in Resources */,
				34EE468E1FE0B04000561F8E /* Assets.xcassets in Resources */,
			);
			runOnlyForDeploymentPostprocessing = 0;
		};
		34EE46951FE0B04100561F8E /* Resources */ = {
			isa = PBXResourcesBuildPhase;
			buildActionMask = 2147483647;
			files = (
			);
			runOnlyForDeploymentPostprocessing = 0;
		};
/* End PBXResourcesBuildPhase section */

/* Begin PBXSourcesBuildPhase section */
		34EE467F1FE0B04000561F8E /* Sources */ = {
			isa = PBXSourcesBuildPhase;
			buildActionMask = 2147483647;
			files = (
				344C3FAE1FE10A500069EB60 /* GroupCell.swift in Sources */,
				344C3FA31FE0F5A60069EB60 /* GroupsDataService.swift in Sources */,
				344C3F9A1FE0E94F0069EB60 /* ModelCoable.swift in Sources */,
				34EE46BC1FE0B85500561F8E /* GroupsManager.swift in Sources */,
				34EE46871FE0B04000561F8E /* AppDelegate.swift in Sources */,
				34EE46AE1FE0B0D000561F8E /* GroupsViewController.swift in Sources */,
				344C3FB21FE10AA60069EB60 /* NSObject+StockFeed.swift in Sources */,
				34EE46B61FE0B12D00561F8E /* Group.swift in Sources */,
			);
			runOnlyForDeploymentPostprocessing = 0;
		};
		34EE46931FE0B04100561F8E /* Sources */ = {
			isa = PBXSourcesBuildPhase;
			buildActionMask = 2147483647;
			files = (
				34EE46B91FE0B1E900561F8E /* GroupStructTests.swift in Sources */,
				344C3FAB1FE104FC0069EB60 /* GroupsDataServiceTests.swift in Sources */,
				344C3FA01FE0F4280069EB60 /* GroupsViewControllerTests.swift in Sources */,
				344C3FB51FE10D460069EB60 /* MockExtensions.swift in Sources */,
				343D6AF51FE2C5190028F079 /* AppDelegateTests.swift in Sources */,
				34EE46C01FE0B89700561F8E /* GroupsManagerTests.swift in Sources */,
			);
			runOnlyForDeploymentPostprocessing = 0;
		};
/* End PBXSourcesBuildPhase section */

/* Begin PBXTargetDependency section */
		34EE46991FE0B04100561F8E /* PBXTargetDependency */ = {
			isa = PBXTargetDependency;
			target = 34EE46821FE0B04000561F8E /* StockFeed */;
			targetProxy = 34EE46981FE0B04100561F8E /* PBXContainerItemProxy */;
		};
/* End PBXTargetDependency section */

/* Begin PBXVariantGroup section */
		34EE468F1FE0B04000561F8E /* LaunchScreen.storyboard */ = {
			isa = PBXVariantGroup;
			children = (
				34EE46901FE0B04000561F8E /* Base */,
			);
			name = LaunchScreen.storyboard;
			sourceTree = "<group>";
		};
/* End PBXVariantGroup section */

/* Begin XCBuildConfiguration section */
		34EE469E1FE0B04100561F8E /* Debug */ = {
			isa = XCBuildConfiguration;
			buildSettings = {
				ALWAYS_SEARCH_USER_PATHS = NO;
				CLANG_ANALYZER_NONNULL = YES;
				CLANG_ANALYZER_NUMBER_OBJECT_CONVERSION = YES_AGGRESSIVE;
				CLANG_CXX_LANGUAGE_STANDARD = "gnu++14";
				CLANG_CXX_LIBRARY = "libc++";
				CLANG_ENABLE_MODULES = YES;
				CLANG_ENABLE_OBJC_ARC = YES;
				CLANG_WARN_BLOCK_CAPTURE_AUTORELEASING = YES;
				CLANG_WARN_BOOL_CONVERSION = YES;
				CLANG_WARN_COMMA = YES;
				CLANG_WARN_CONSTANT_CONVERSION = YES;
				CLANG_WARN_DIRECT_OBJC_ISA_USAGE = YES_ERROR;
				CLANG_WARN_DOCUMENTATION_COMMENTS = YES;
				CLANG_WARN_EMPTY_BODY = YES;
				CLANG_WARN_ENUM_CONVERSION = YES;
				CLANG_WARN_INFINITE_RECURSION = YES;
				CLANG_WARN_INT_CONVERSION = YES;
				CLANG_WARN_NON_LITERAL_NULL_CONVERSION = YES;
				CLANG_WARN_OBJC_LITERAL_CONVERSION = YES;
				CLANG_WARN_OBJC_ROOT_CLASS = YES_ERROR;
				CLANG_WARN_RANGE_LOOP_ANALYSIS = YES;
				CLANG_WARN_STRICT_PROTOTYPES = YES;
				CLANG_WARN_SUSPICIOUS_MOVE = YES;
				CLANG_WARN_UNGUARDED_AVAILABILITY = YES_AGGRESSIVE;
				CLANG_WARN_UNREACHABLE_CODE = YES;
				CLANG_WARN__DUPLICATE_METHOD_MATCH = YES;
				CODE_SIGN_IDENTITY = "iPhone Developer";
				COPY_PHASE_STRIP = NO;
				DEBUG_INFORMATION_FORMAT = dwarf;
				ENABLE_STRICT_OBJC_MSGSEND = YES;
				ENABLE_TESTABILITY = YES;
				GCC_C_LANGUAGE_STANDARD = gnu11;
				GCC_DYNAMIC_NO_PIC = NO;
				GCC_NO_COMMON_BLOCKS = YES;
				GCC_OPTIMIZATION_LEVEL = 0;
				GCC_PREPROCESSOR_DEFINITIONS = (
					"DEBUG=1",
					"$(inherited)",
				);
				GCC_WARN_64_TO_32_BIT_CONVERSION = YES;
				GCC_WARN_ABOUT_RETURN_TYPE = YES_ERROR;
				GCC_WARN_UNDECLARED_SELECTOR = YES;
				GCC_WARN_UNINITIALIZED_AUTOS = YES_AGGRESSIVE;
				GCC_WARN_UNUSED_FUNCTION = YES;
				GCC_WARN_UNUSED_VARIABLE = YES;
				IPHONEOS_DEPLOYMENT_TARGET = 11.2;
				MTL_ENABLE_DEBUG_INFO = YES;
				ONLY_ACTIVE_ARCH = YES;
				SDKROOT = iphoneos;
				SWIFT_ACTIVE_COMPILATION_CONDITIONS = DEBUG;
				SWIFT_OPTIMIZATION_LEVEL = "-Onone";
			};
			name = Debug;
		};
		34EE469F1FE0B04100561F8E /* Release */ = {
			isa = XCBuildConfiguration;
			buildSettings = {
				ALWAYS_SEARCH_USER_PATHS = NO;
				CLANG_ANALYZER_NONNULL = YES;
				CLANG_ANALYZER_NUMBER_OBJECT_CONVERSION = YES_AGGRESSIVE;
				CLANG_CXX_LANGUAGE_STANDARD = "gnu++14";
				CLANG_CXX_LIBRARY = "libc++";
				CLANG_ENABLE_MODULES = YES;
				CLANG_ENABLE_OBJC_ARC = YES;
				CLANG_WARN_BLOCK_CAPTURE_AUTORELEASING = YES;
				CLANG_WARN_BOOL_CONVERSION = YES;
				CLANG_WARN_COMMA = YES;
				CLANG_WARN_CONSTANT_CONVERSION = YES;
				CLANG_WARN_DIRECT_OBJC_ISA_USAGE = YES_ERROR;
				CLANG_WARN_DOCUMENTATION_COMMENTS = YES;
				CLANG_WARN_EMPTY_BODY = YES;
				CLANG_WARN_ENUM_CONVERSION = YES;
				CLANG_WARN_INFINITE_RECURSION = YES;
				CLANG_WARN_INT_CONVERSION = YES;
				CLANG_WARN_NON_LITERAL_NULL_CONVERSION = YES;
				CLANG_WARN_OBJC_LITERAL_CONVERSION = YES;
				CLANG_WARN_OBJC_ROOT_CLASS = YES_ERROR;
				CLANG_WARN_RANGE_LOOP_ANALYSIS = YES;
				CLANG_WARN_STRICT_PROTOTYPES = YES;
				CLANG_WARN_SUSPICIOUS_MOVE = YES;
				CLANG_WARN_UNGUARDED_AVAILABILITY = YES_AGGRESSIVE;
				CLANG_WARN_UNREACHABLE_CODE = YES;
				CLANG_WARN__DUPLICATE_METHOD_MATCH = YES;
				CODE_SIGN_IDENTITY = "iPhone Developer";
				COPY_PHASE_STRIP = NO;
				DEBUG_INFORMATION_FORMAT = "dwarf-with-dsym";
				ENABLE_NS_ASSERTIONS = NO;
				ENABLE_STRICT_OBJC_MSGSEND = YES;
				GCC_C_LANGUAGE_STANDARD = gnu11;
				GCC_NO_COMMON_BLOCKS = YES;
				GCC_WARN_64_TO_32_BIT_CONVERSION = YES;
				GCC_WARN_ABOUT_RETURN_TYPE = YES_ERROR;
				GCC_WARN_UNDECLARED_SELECTOR = YES;
				GCC_WARN_UNINITIALIZED_AUTOS = YES_AGGRESSIVE;
				GCC_WARN_UNUSED_FUNCTION = YES;
				GCC_WARN_UNUSED_VARIABLE = YES;
				IPHONEOS_DEPLOYMENT_TARGET = 11.2;
				MTL_ENABLE_DEBUG_INFO = NO;
				SDKROOT = iphoneos;
				SWIFT_OPTIMIZATION_LEVEL = "-Owholemodule";
				VALIDATE_PRODUCT = YES;
			};
			name = Release;
		};
		34EE46A11FE0B04100561F8E /* Debug */ = {
			isa = XCBuildConfiguration;
			buildSettings = {
				ASSETCATALOG_COMPILER_APPICON_NAME = AppIcon;
				CODE_SIGN_STYLE = Automatic;
				DEVELOPMENT_TEAM = FNDVP9SLK2;
				INFOPLIST_FILE = StockFeed/Info.plist;
				LD_RUNPATH_SEARCH_PATHS = "$(inherited) @executable_path/Frameworks";
				PRODUCT_BUNDLE_IDENTIFIER = git.scottmoon.StockFeed;
				PRODUCT_NAME = "$(TARGET_NAME)";
				SWIFT_VERSION = 4.0;
				TARGETED_DEVICE_FAMILY = "1,2";
			};
			name = Debug;
		};
		34EE46A21FE0B04100561F8E /* Release */ = {
			isa = XCBuildConfiguration;
			buildSettings = {
				ASSETCATALOG_COMPILER_APPICON_NAME = AppIcon;
				CODE_SIGN_STYLE = Automatic;
				DEVELOPMENT_TEAM = FNDVP9SLK2;
				INFOPLIST_FILE = StockFeed/Info.plist;
				LD_RUNPATH_SEARCH_PATHS = "$(inherited) @executable_path/Frameworks";
				PRODUCT_BUNDLE_IDENTIFIER = git.scottmoon.StockFeed;
				PRODUCT_NAME = "$(TARGET_NAME)";
				SWIFT_VERSION = 4.0;
				TARGETED_DEVICE_FAMILY = "1,2";
			};
			name = Release;
		};
		34EE46A41FE0B04100561F8E /* Debug */ = {
			isa = XCBuildConfiguration;
			buildSettings = {
				ALWAYS_EMBED_SWIFT_STANDARD_LIBRARIES = YES;
				BUNDLE_LOADER = "$(TEST_HOST)";
				CLANG_ENABLE_MODULES = YES;
				CODE_SIGN_STYLE = Automatic;
				DEVELOPMENT_TEAM = FNDVP9SLK2;
				INFOPLIST_FILE = StockFeedTests/Info.plist;
				LD_RUNPATH_SEARCH_PATHS = "$(inherited) @executable_path/Frameworks @loader_path/Frameworks";
				PRODUCT_BUNDLE_IDENTIFIER = git.scottmoon.StockFeedTests;
				PRODUCT_NAME = "$(TARGET_NAME)";
				SWIFT_OPTIMIZATION_LEVEL = "-Onone";
				SWIFT_VERSION = 4.0;
				TARGETED_DEVICE_FAMILY = "1,2";
				TEST_HOST = "$(BUILT_PRODUCTS_DIR)/StockFeed.app/StockFeed";
			};
			name = Debug;
		};
		34EE46A51FE0B04100561F8E /* Release */ = {
			isa = XCBuildConfiguration;
			buildSettings = {
				ALWAYS_EMBED_SWIFT_STANDARD_LIBRARIES = YES;
				BUNDLE_LOADER = "$(TEST_HOST)";
				CLANG_ENABLE_MODULES = YES;
				CODE_SIGN_STYLE = Automatic;
				DEVELOPMENT_TEAM = FNDVP9SLK2;
				INFOPLIST_FILE = StockFeedTests/Info.plist;
				LD_RUNPATH_SEARCH_PATHS = "$(inherited) @executable_path/Frameworks @loader_path/Frameworks";
				PRODUCT_BUNDLE_IDENTIFIER = git.scottmoon.StockFeedTests;
				PRODUCT_NAME = "$(TARGET_NAME)";
				SWIFT_VERSION = 4.0;
				TARGETED_DEVICE_FAMILY = "1,2";
				TEST_HOST = "$(BUILT_PRODUCTS_DIR)/StockFeed.app/StockFeed";
			};
			name = Release;
		};
/* End XCBuildConfiguration section */

/* Begin XCConfigurationList section */
		34EE467E1FE0B04000561F8E /* Build configuration list for PBXProject "StockFeed" */ = {
			isa = XCConfigurationList;
			buildConfigurations = (
				34EE469E1FE0B04100561F8E /* Debug */,
				34EE469F1FE0B04100561F8E /* Release */,
			);
			defaultConfigurationIsVisible = 0;
			defaultConfigurationName = Release;
		};
		34EE46A01FE0B04100561F8E /* Build configuration list for PBXNativeTarget "StockFeed" */ = {
			isa = XCConfigurationList;
			buildConfigurations = (
				34EE46A11FE0B04100561F8E /* Debug */,
				34EE46A21FE0B04100561F8E /* Release */,
			);
			defaultConfigurationIsVisible = 0;
			defaultConfigurationName = Release;
		};
		34EE46A31FE0B04100561F8E /* Build configuration list for PBXNativeTarget "StockFeedTests" */ = {
			isa = XCConfigurationList;
			buildConfigurations = (
				34EE46A41FE0B04100561F8E /* Debug */,
				34EE46A51FE0B04100561F8E /* Release */,
			);
			defaultConfigurationIsVisible = 0;
			defaultConfigurationName = Release;
		};
/* End XCConfigurationList section */
	};
	rootObject = 34EE467B1FE0B04000561F8E /* Project object */;
}
